
Microsoft Visual Studio Solution File, Format Version 12.00
# Visual Studio Version 17
VisualStudioVersion = 17.11.35303.130
MinimumVisualStudioVersion = 10.0.40219.1
Project("{FAE04EC0-301F-11D3-BF4B-00C04F79EFBC}") = "QuanLyGiong_ThucAnChanNuoi", "QuanLyGiong_ThucAnChanNuoi.csproj", "{79324D24-FBD0-4035-A19C-F5BCB7B30EE5}"
EndProject
Global
	GlobalSection(SolutionConfigurationPlatforms) = preSolution
		Debug|Any CPU = Debug|Any CPU
		Release|Any CPU = Release|Any CPU
	EndGlobalSection
	GlobalSection(ProjectConfigurationPlatforms) = postSolution
		{79324D24-FBD0-4035-A19C-F5BCB7B30EE5}.Debug|Any CPU.ActiveCfg = Debug|Any CPU
		{79324D24-FBD0-4035-A19C-F5BCB7B30EE5}.Debug|Any CPU.Build.0 = Debug|Any CPU
		{79324D24-FBD0-4035-A19C-F5BCB7B30EE5}.Release|Any CPU.ActiveCfg = Release|Any CPU
		{79324D24-FBD0-4035-A19C-F5BCB7B30EE5}.Release|Any CPU.Build.0 = Release|Any CPU
	EndGlobalSection
	GlobalSection(SolutionProperties) = preSolution
		HideSolutionNode = FALSE
	EndGlobalSection
	GlobalSection(ExtensibilityGlobals) = postSolution
		SolutionGuid = {3D363B15-5995-4854-A9F5-70D52CA142F5}
	EndGlobalSection
EndGlobal
